// !$*UTF8*$!
{
	archiveVersion = 1;
	classes = {
	};
	objectVersion = 56;
	objects = {

/* Begin PBXBuildFile section */
		BB1447CB2C4CE919000D069D /* TCATodoListApp.swift in Sources */ = {isa = PBXBuildFile; fileRef = BB1447CA2C4CE919000D069D /* TCATodoListApp.swift */; };
		BB1447CF2C4CE91A000D069D /* Assets.xcassets in Resources */ = {isa = PBXBuildFile; fileRef = BB1447CE2C4CE91A000D069D /* Assets.xcassets */; };
		BB1447D22C4CE91A000D069D /* Preview Assets.xcassets in Resources */ = {isa = PBXBuildFile; fileRef = BB1447D12C4CE91A000D069D /* Preview Assets.xcassets */; };
		BB1447DA2C4CE95C000D069D /* ComposableArchitecture in Frameworks */ = {isa = PBXBuildFile; productRef = BB1447D92C4CE95C000D069D /* ComposableArchitecture */; };
		BB1447DD2C4CEA45000D069D /* ContactModel.swift in Sources */ = {isa = PBXBuildFile; fileRef = BB1447DC2C4CEA45000D069D /* ContactModel.swift */; };
		BB1447DF2C4CEAA9000D069D /* ContactsFeature.swift in Sources */ = {isa = PBXBuildFile; fileRef = BB1447DE2C4CEAA9000D069D /* ContactsFeature.swift */; };
		BB1447E12C4CED0B000D069D /* ContactsView.swift in Sources */ = {isa = PBXBuildFile; fileRef = BB1447E02C4CED0B000D069D /* ContactsView.swift */; };
		BB1447E32C4CEF01000D069D /* AddContactFeature.swift in Sources */ = {isa = PBXBuildFile; fileRef = BB1447E22C4CEF01000D069D /* AddContactFeature.swift */; };
		BB1447E52C4CF18E000D069D /* AddContactView.swift in Sources */ = {isa = PBXBuildFile; fileRef = BB1447E42C4CF18E000D069D /* AddContactView.swift */; };
/* End PBXBuildFile section */

/* Begin PBXFileReference section */
		BB1447C72C4CE919000D069D /* TCATodoList.app */ = {isa = PBXFileReference; explicitFileType = wrapper.application; includeInIndex = 0; path = TCATodoList.app; sourceTree = BUILT_PRODUCTS_DIR; };
		BB1447CA2C4CE919000D069D /* TCATodoListApp.swift */ = {isa = PBXFileReference; lastKnownFileType = sourcecode.swift; path = TCATodoListApp.swift; sourceTree = "<group>"; };
		BB1447CE2C4CE91A000D069D /* Assets.xcassets */ = {isa = PBXFileReference; lastKnownFileType = folder.assetcatalog; path = Assets.xcassets; sourceTree = "<group>"; };
		BB1447D12C4CE91A000D069D /* Preview Assets.xcassets */ = {isa = PBXFileReference; lastKnownFileType = folder.assetcatalog; path = "Preview Assets.xcassets"; sourceTree = "<group>"; };
		BB1447DC2C4CEA45000D069D /* ContactModel.swift */ = {isa = PBXFileReference; lastKnownFileType = sourcecode.swift; path = ContactModel.swift; sourceTree = "<group>"; };
		BB1447DE2C4CEAA9000D069D /* ContactsFeature.swift */ = {isa = PBXFileReference; lastKnownFileType = sourcecode.swift; path = ContactsFeature.swift; sourceTree = "<group>"; };
		BB1447E02C4CED0B000D069D /* ContactsView.swift */ = {isa = PBXFileReference; lastKnownFileType = sourcecode.swift; path = ContactsView.swift; sourceTree = "<group>"; };
		BB1447E22C4CEF01000D069D /* AddContactFeature.swift */ = {isa = PBXFileReference; lastKnownFileType = sourcecode.swift; path = AddContactFeature.swift; sourceTree = "<group>"; };
		BB1447E42C4CF18E000D069D /* AddContactView.swift */ = {isa = PBXFileReference; lastKnownFileType = sourcecode.swift; path = AddContactView.swift; sourceTree = "<group>"; };
/* End PBXFileReference section */

/* Begin PBXFrameworksBuildPhase section */
		BB1447C42C4CE919000D069D /* Frameworks */ = {
			isa = PBXFrameworksBuildPhase;
			buildActionMask = 2147483647;
			files = (
				BB1447DA2C4CE95C000D069D /* ComposableArchitecture in Frameworks */,
			);
			runOnlyForDeploymentPostprocessing = 0;
		};
/* End PBXFrameworksBuildPhase section */

/* Begin PBXGroup section */
		BB1447BE2C4CE919000D069D = {
			isa = PBXGroup;
			children = (
				BB1447C92C4CE919000D069D /* TCATodoList */,
				BB1447C82C4CE919000D069D /* Products */,
			);
			sourceTree = "<group>";
		};
		BB1447C82C4CE919000D069D /* Products */ = {
			isa = PBXGroup;
			children = (
				BB1447C72C4CE919000D069D /* TCATodoList.app */,
			);
			name = Products;
			sourceTree = "<group>";
		};
		BB1447C92C4CE919000D069D /* TCATodoList */ = {
			isa = PBXGroup;
			children = (
				BB1447CA2C4CE919000D069D /* TCATodoListApp.swift */,
				BB1447E82C4D27B3000D069D /* Model */,
				BB1447E62C4D278F000D069D /* Contacts */,
				BB1447E72C4D27A3000D069D /* AddContact */,
				BB1447CE2C4CE91A000D069D /* Assets.xcassets */,
				BB1447D02C4CE91A000D069D /* Preview Content */,
			);
			path = TCATodoList;
			sourceTree = "<group>";
		};
		BB1447D02C4CE91A000D069D /* Preview Content */ = {
			isa = PBXGroup;
			children = (
				BB1447D12C4CE91A000D069D /* Preview Assets.xcassets */,
			);
			path = "Preview Content";
			sourceTree = "<group>";
		};
		BB1447E62C4D278F000D069D /* Contacts */ = {
			isa = PBXGroup;
			children = (
				BB1447DE2C4CEAA9000D069D /* ContactsFeature.swift */,
				BB1447E02C4CED0B000D069D /* ContactsView.swift */,
			);
			path = Contacts;
			sourceTree = "<group>";
		};
		BB1447E72C4D27A3000D069D /* AddContact */ = {
			isa = PBXGroup;
			children = (
				BB1447E22C4CEF01000D069D /* AddContactFeature.swift */,
				BB1447E42C4CF18E000D069D /* AddContactView.swift */,
			);
			path = AddContact;
			sourceTree = "<group>";
		};
		BB1447E82C4D27B3000D069D /* Model */ = {
			isa = PBXGroup;
			children = (
				BB1447DC2C4CEA45000D069D /* ContactModel.swift */,
			);
			path = Model;
			sourceTree = "<group>";
		};
/* End PBXGroup section */

/* Begin PBXNativeTarget section */
		BB1447C62C4CE919000D069D /* TCATodoList */ = {
			isa = PBXNativeTarget;
			buildConfigurationList = BB1447D52C4CE91A000D069D /* Build configuration list for PBXNativeTarget "TCATodoList" */;
			buildPhases = (
				BB1447C32C4CE919000D069D /* Sources */,
				BB1447C42C4CE919000D069D /* Frameworks */,
				BB1447C52C4CE919000D069D /* Resources */,
			);
			buildRules = (
			);
			dependencies = (
			);
			name = TCATodoList;
			packageProductDependencies = (
				BB1447D92C4CE95C000D069D /* ComposableArchitecture */,
			);
			productName = TCATodoList;
			productReference = BB1447C72C4CE919000D069D /* TCATodoList.app */;
			productType = "com.apple.product-type.application";
		};
/* End PBXNativeTarget section */

/* Begin PBXProject section */
		BB1447BF2C4CE919000D069D /* Project object */ = {
			isa = PBXProject;
			attributes = {
				BuildIndependentTargetsInParallel = 1;
				LastSwiftUpdateCheck = 1540;
				LastUpgradeCheck = 1540;
				TargetAttributes = {
					BB1447C62C4CE919000D069D = {
						CreatedOnToolsVersion = 15.4;
					};
				};
			};
			buildConfigurationList = BB1447C22C4CE919000D069D /* Build configuration list for PBXProject "TCATodoList" */;
			compatibilityVersion = "Xcode 14.0";
			developmentRegion = en;
			hasScannedForEncodings = 0;
			knownRegions = (
				en,
				Base,
			);
			mainGroup = BB1447BE2C4CE919000D069D;
			packageReferences = (
				BB1447D82C4CE95C000D069D /* XCRemoteSwiftPackageReference "swift-composable-architecture" */,
			);
			productRefGroup = BB1447C82C4CE919000D069D /* Products */;
			projectDirPath = "";
			projectRoot = "";
			targets = (
				BB1447C62C4CE919000D069D /* TCATodoList */,
			);
		};
/* End PBXProject section */

/* Begin PBXResourcesBuildPhase section */
		BB1447C52C4CE919000D069D /* Resources */ = {
			isa = PBXResourcesBuildPhase;
			buildActionMask = 2147483647;
			files = (
				BB1447D22C4CE91A000D069D /* Preview Assets.xcassets in Resources */,
				BB1447CF2C4CE91A000D069D /* Assets.xcassets in Resources */,
			);
			runOnlyForDeploymentPostprocessing = 0;
		};
/* End PBXResourcesBuildPhase section */

/* Begin PBXSourcesBuildPhase section */
		BB1447C32C4CE919000D069D /* Sources */ = {
			isa = PBXSourcesBuildPhase;
			buildActionMask = 2147483647;
			files = (
				BB1447E32C4CEF01000D069D /* AddContactFeature.swift in Sources */,
				BB1447CB2C4CE919000D069D /* TCATodoListApp.swift in Sources */,
				BB1447DD2C4CEA45000D069D /* ContactModel.swift in Sources */,
				BB1447E12C4CED0B000D069D /* ContactsView.swift in Sources */,
				BB1447E52C4CF18E000D069D /* AddContactView.swift in Sources */,
				BB1447DF2C4CEAA9000D069D /* ContactsFeature.swift in Sources */,
			);
			runOnlyForDeploymentPostprocessing = 0;
		};
/* End PBXSourcesBuildPhase section */

/* Begin XCBuildConfiguration section */
		BB1447D32C4CE91A000D069D /* Debug */ = {
			isa = XCBuildConfiguration;
			buildSettings = {
				ALWAYS_SEARCH_USER_PATHS = NO;
				ASSETCATALOG_COMPILER_GENERATE_SWIFT_ASSET_SYMBOL_EXTENSIONS = YES;
				CLANG_ANALYZER_NONNULL = YES;
				CLANG_ANALYZER_NUMBER_OBJECT_CONVERSION = YES_AGGRESSIVE;
				CLANG_CXX_LANGUAGE_STANDARD = "gnu++20";
				CLANG_ENABLE_MODULES = YES;
				CLANG_ENABLE_OBJC_ARC = YES;
				CLANG_ENABLE_OBJC_WEAK = YES;
				CLANG_WARN_BLOCK_CAPTURE_AUTORELEASING = YES;
				CLANG_WARN_BOOL_CONVERSION = YES;
				CLANG_WARN_COMMA = YES;
				CLANG_WARN_CONSTANT_CONVERSION = YES;
				CLANG_WARN_DEPRECATED_OBJC_IMPLEMENTATIONS = YES;
				CLANG_WARN_DIRECT_OBJC_ISA_USAGE = YES_ERROR;
				CLANG_WARN_DOCUMENTATION_COMMENTS = YES;
				CLANG_WARN_EMPTY_BODY = YES;
				CLANG_WARN_ENUM_CONVERSION = YES;
				CLANG_WARN_INFINITE_RECURSION = YES;
				CLANG_WARN_INT_CONVERSION = YES;
				CLANG_WARN_NON_LITERAL_NULL_CONVERSION = YES;
				CLANG_WARN_OBJC_IMPLICIT_RETAIN_SELF = YES;
				CLANG_WARN_OBJC_LITERAL_CONVERSION = YES;
				CLANG_WARN_OBJC_ROOT_CLASS = YES_ERROR;
				CLANG_WARN_QUOTED_INCLUDE_IN_FRAMEWORK_HEADER = YES;
				CLANG_WARN_RANGE_LOOP_ANALYSIS = YES;
				CLANG_WARN_STRICT_PROTOTYPES = YES;
				CLANG_WARN_SUSPICIOUS_MOVE = YES;
				CLANG_WARN_UNGUARDED_AVAILABILITY = YES_AGGRESSIVE;
				CLANG_WARN_UNREACHABLE_CODE = YES;
				CLANG_WARN__DUPLICATE_METHOD_MATCH = YES;
				COPY_PHASE_STRIP = NO;
				DEBUG_INFORMATION_FORMAT = dwarf;
				ENABLE_STRICT_OBJC_MSGSEND = YES;
				ENABLE_TESTABILITY = YES;
				ENABLE_USER_SCRIPT_SANDBOXING = YES;
				GCC_C_LANGUAGE_STANDARD = gnu17;
				GCC_DYNAMIC_NO_PIC = NO;
				GCC_NO_COMMON_BLOCKS = YES;
				GCC_OPTIMIZATION_LEVEL = 0;
				GCC_PREPROCESSOR_DEFINITIONS = (
					"DEBUG=1",
					"$(inherited)",
				);
				GCC_WARN_64_TO_32_BIT_CONVERSION = YES;
				GCC_WARN_ABOUT_RETURN_TYPE = YES_ERROR;
				GCC_WARN_UNDECLARED_SELECTOR = YES;
				GCC_WARN_UNINITIALIZED_AUTOS = YES_AGGRESSIVE;
				GCC_WARN_UNUSED_FUNCTION = YES;
				GCC_WARN_UNUSED_VARIABLE = YES;
				IPHONEOS_DEPLOYMENT_TARGET = 17.5;
				LOCALIZATION_PREFERS_STRING_CATALOGS = YES;
				MTL_ENABLE_DEBUG_INFO = INCLUDE_SOURCE;
				MTL_FAST_MATH = YES;
				ONLY_ACTIVE_ARCH = YES;
				SDKROOT = iphoneos;
				SWIFT_ACTIVE_COMPILATION_CONDITIONS = "DEBUG $(inherited)";
				SWIFT_OPTIMIZATION_LEVEL = "-Onone";
			};
			name = Debug;
		};
		BB1447D42C4CE91A000D069D /* Release */ = {
			isa = XCBuildConfiguration;
			buildSettings = {
				ALWAYS_SEARCH_USER_PATHS = NO;
				ASSETCATALOG_COMPILER_GENERATE_SWIFT_ASSET_SYMBOL_EXTENSIONS = YES;
				CLANG_ANALYZER_NONNULL = YES;
				CLANG_ANALYZER_NUMBER_OBJECT_CONVERSION = YES_AGGRESSIVE;
				CLANG_CXX_LANGUAGE_STANDARD = "gnu++20";
				CLANG_ENABLE_MODULES = YES;
				CLANG_ENABLE_OBJC_ARC = YES;
				CLANG_ENABLE_OBJC_WEAK = YES;
				CLANG_WARN_BLOCK_CAPTURE_AUTORELEASING = YES;
				CLANG_WARN_BOOL_CONVERSION = YES;
				CLANG_WARN_COMMA = YES;
				CLANG_WARN_CONSTANT_CONVERSION = YES;
				CLANG_WARN_DEPRECATED_OBJC_IMPLEMENTATIONS = YES;
				CLANG_WARN_DIRECT_OBJC_ISA_USAGE = YES_ERROR;
				CLANG_WARN_DOCUMENTATION_COMMENTS = YES;
				CLANG_WARN_EMPTY_BODY = YES;
				CLANG_WARN_ENUM_CONVERSION = YES;
				CLANG_WARN_INFINITE_RECURSION = YES;
				CLANG_WARN_INT_CONVERSION = YES;
				CLANG_WARN_NON_LITERAL_NULL_CONVERSION = YES;
				CLANG_WARN_OBJC_IMPLICIT_RETAIN_SELF = YES;
				CLANG_WARN_OBJC_LITERAL_CONVERSION = YES;
				CLANG_WARN_OBJC_ROOT_CLASS = YES_ERROR;
				CLANG_WARN_QUOTED_INCLUDE_IN_FRAMEWORK_HEADER = YES;
				CLANG_WARN_RANGE_LOOP_ANALYSIS = YES;
				CLANG_WARN_STRICT_PROTOTYPES = YES;
				CLANG_WARN_SUSPICIOUS_MOVE = YES;
				CLANG_WARN_UNGUARDED_AVAILABILITY = YES_AGGRESSIVE;
				CLANG_WARN_UNREACHABLE_CODE = YES;
				CLANG_WARN__DUPLICATE_METHOD_MATCH = YES;
				COPY_PHASE_STRIP = NO;
				DEBUG_INFORMATION_FORMAT = "dwarf-with-dsym";
				ENABLE_NS_ASSERTIONS = NO;
				ENABLE_STRICT_OBJC_MSGSEND = YES;
				ENABLE_USER_SCRIPT_SANDBOXING = YES;
				GCC_C_LANGUAGE_STANDARD = gnu17;
				GCC_NO_COMMON_BLOCKS = YES;
				GCC_WARN_64_TO_32_BIT_CONVERSION = YES;
				GCC_WARN_ABOUT_RETURN_TYPE = YES_ERROR;
				GCC_WARN_UNDECLARED_SELECTOR = YES;
				GCC_WARN_UNINITIALIZED_AUTOS = YES_AGGRESSIVE;
				GCC_WARN_UNUSED_FUNCTION = YES;
				GCC_WARN_UNUSED_VARIABLE = YES;
				IPHONEOS_DEPLOYMENT_TARGET = 17.5;
				LOCALIZATION_PREFERS_STRING_CATALOGS = YES;
				MTL_ENABLE_DEBUG_INFO = NO;
				MTL_FAST_MATH = YES;
				SDKROOT = iphoneos;
				SWIFT_COMPILATION_MODE = wholemodule;
				VALIDATE_PRODUCT = YES;
			};
			name = Release;
		};
		BB1447D62C4CE91A000D069D /* Debug */ = {
			isa = XCBuildConfiguration;
			buildSettings = {
				ASSETCATALOG_COMPILER_APPICON_NAME = AppIcon;
				ASSETCATALOG_COMPILER_GLOBAL_ACCENT_COLOR_NAME = AccentColor;
				CODE_SIGN_STYLE = Automatic;
				CURRENT_PROJECT_VERSION = 1;
				DEVELOPMENT_ASSET_PATHS = "\"TCATodoList/Preview Content\"";
				DEVELOPMENT_TEAM = 67ZRFNK38N;
				ENABLE_PREVIEWS = YES;
				GENERATE_INFOPLIST_FILE = YES;
				INFOPLIST_KEY_UIApplicationSceneManifest_Generation = YES;
				INFOPLIST_KEY_UIApplicationSupportsIndirectInputEvents = YES;
				INFOPLIST_KEY_UILaunchScreen_Generation = YES;
				INFOPLIST_KEY_UISupportedInterfaceOrientations_iPad = "UIInterfaceOrientationPortrait UIInterfaceOrientationPortraitUpsideDown UIInterfaceOrientationLandscapeLeft UIInterfaceOrientationLandscapeRight";
				INFOPLIST_KEY_UISupportedInterfaceOrientations_iPhone = "UIInterfaceOrientationPortrait UIInterfaceOrientationLandscapeLeft UIInterfaceOrientationLandscapeRight";
				LD_RUNPATH_SEARCH_PATHS = (
					"$(inherited)",
					"@executable_path/Frameworks",
				);
				MARKETING_VERSION = 1.0;
				PRODUCT_BUNDLE_IDENTIFIER = com.tomohiro.TCATodoList;
				PRODUCT_NAME = "$(TARGET_NAME)";
				SWIFT_EMIT_LOC_STRINGS = YES;
				SWIFT_VERSION = 5.0;
				TARGETED_DEVICE_FAMILY = "1,2";
			};
			name = Debug;
		};
		BB1447D72C4CE91A000D069D /* Release */ = {
			isa = XCBuildConfiguration;
			buildSettings = {
				ASSETCATALOG_COMPILER_APPICON_NAME = AppIcon;
				ASSETCATALOG_COMPILER_GLOBAL_ACCENT_COLOR_NAME = AccentColor;
				CODE_SIGN_STYLE = Automatic;
				CURRENT_PROJECT_VERSION = 1;
				DEVELOPMENT_ASSET_PATHS = "\"TCATodoList/Preview Content\"";
				DEVELOPMENT_TEAM = 67ZRFNK38N;
				ENABLE_PREVIEWS = YES;
				GENERATE_INFOPLIST_FILE = YES;
				INFOPLIST_KEY_UIApplicationSceneManifest_Generation = YES;
				INFOPLIST_KEY_UIApplicationSupportsIndirectInputEvents = YES;
				INFOPLIST_KEY_UILaunchScreen_Generation = YES;
				INFOPLIST_KEY_UISupportedInterfaceOrientations_iPad = "UIInterfaceOrientationPortrait UIInterfaceOrientationPortraitUpsideDown UIInterfaceOrientationLandscapeLeft UIInterfaceOrientationLandscapeRight";
				INFOPLIST_KEY_UISupportedInterfaceOrientations_iPhone = "UIInterfaceOrientationPortrait UIInterfaceOrientationLandscapeLeft UIInterfaceOrientationLandscapeRight";
				LD_RUNPATH_SEARCH_PATHS = (
					"$(inherited)",
					"@executable_path/Frameworks",
				);
				MARKETING_VERSION = 1.0;
				PRODUCT_BUNDLE_IDENTIFIER = com.tomohiro.TCATodoList;
				PRODUCT_NAME = "$(TARGET_NAME)";
				SWIFT_EMIT_LOC_STRINGS = YES;
				SWIFT_VERSION = 5.0;
				TARGETED_DEVICE_FAMILY = "1,2";
			};
			name = Release;
		};
/* End XCBuildConfiguration section */

/* Begin XCConfigurationList section */
		BB1447C22C4CE919000D069D /* Build configuration list for PBXProject "TCATodoList" */ = {
			isa = XCConfigurationList;
			buildConfigurations = (
				BB1447D32C4CE91A000D069D /* Debug */,
				BB1447D42C4CE91A000D069D /* Release */,
			);
			defaultConfigurationIsVisible = 0;
			defaultConfigurationName = Release;
		};
		BB1447D52C4CE91A000D069D /* Build configuration list for PBXNativeTarget "TCATodoList" */ = {
			isa = XCConfigurationList;
			buildConfigurations = (
				BB1447D62C4CE91A000D069D /* Debug */,
				BB1447D72C4CE91A000D069D /* Release */,
			);
			defaultConfigurationIsVisible = 0;
			defaultConfigurationName = Release;
		};
/* End XCConfigurationList section */

/* Begin XCRemoteSwiftPackageReference section */
		BB1447D82C4CE95C000D069D /* XCRemoteSwiftPackageReference "swift-composable-architecture" */ = {
			isa = XCRemoteSwiftPackageReference;
			repositoryURL = "https://github.com/pointfreeco/swift-composable-architecture";
			requirement = {
				kind = upToNextMajorVersion;
				minimumVersion = 1.11.2;
			};
		};
/* End XCRemoteSwiftPackageReference section */

/* Begin XCSwiftPackageProductDependency section */
		BB1447D92C4CE95C000D069D /* ComposableArchitecture */ = {
			isa = XCSwiftPackageProductDependency;
			package = BB1447D82C4CE95C000D069D /* XCRemoteSwiftPackageReference "swift-composable-architecture" */;
			productName = ComposableArchitecture;
		};
/* End XCSwiftPackageProductDependency section */
	};
	rootObject = BB1447BF2C4CE919000D069D /* Project object */;
}
